// !$*UTF8*$!
{
	archiveVersion = 1;
	classes = {
	};
	objectVersion = 45;
	objects = {

/* Begin PBXBuildFile section */
		533D71FD117A584B005A65D3 /* AmberKit.m in Sources */ = {isa = PBXBuildFile; fileRef = 533D71FC117A584B005A65D3 /* AmberKit.m */; };
		533D71FE117A584B005A65D3 /* AmberKit.m in Sources */ = {isa = PBXBuildFile; fileRef = 533D71FC117A584B005A65D3 /* AmberKit.m */; };
		533D7218117A5895005A65D3 /* AFGeometry.h in Headers */ = {isa = PBXBuildFile; fileRef = 533D7216117A5895005A65D3 /* AFGeometry.h */; settings = {ATTRIBUTES = (Public, ); }; };
		533D721A117A5895005A65D3 /* AFGeometry.h in Headers */ = {isa = PBXBuildFile; fileRef = 533D7216117A5895005A65D3 /* AFGeometry.h */; settings = {ATTRIBUTES = (Public, ); }; };
		533D721B117A5895005A65D3 /* AFGeometry.m in Sources */ = {isa = PBXBuildFile; fileRef = 533D7217117A5895005A65D3 /* AFGeometry.m */; };
		533D721C117A5895005A65D3 /* AFGeometry.h in Headers */ = {isa = PBXBuildFile; fileRef = 533D7216117A5895005A65D3 /* AFGeometry.h */; settings = {ATTRIBUTES = (Public, ); }; };
		533D721D117A5895005A65D3 /* AFGeometry.m in Sources */ = {isa = PBXBuildFile; fileRef = 533D7217117A5895005A65D3 /* AFGeometry.m */; };
		533D7281117A67BB005A65D3 /* AppKit.framework in Frameworks */ = {isa = PBXBuildFile; fileRef = 533D7280117A67BB005A65D3 /* AppKit.framework */; };
		533D7285117A67C1005A65D3 /* Foundation.framework in Frameworks */ = {isa = PBXBuildFile; fileRef = 533D7284117A67C1005A65D3 /* Foundation.framework */; };
		533F5C330FBF565900169C14 /* AFCalendarButton.h in Headers */ = {isa = PBXBuildFile; fileRef = 533F5C110FBF565900169C14 /* AFCalendarButton.h */; settings = {ATTRIBUTES = (Public, ); }; };
		533F5C340FBF565900169C14 /* AFCalendarButton.m in Sources */ = {isa = PBXBuildFile; fileRef = 533F5C120FBF565900169C14 /* AFCalendarButton.m */; };
		533F5C350FBF565900169C14 /* AFCalendarControl.h in Headers */ = {isa = PBXBuildFile; fileRef = 533F5C130FBF565900169C14 /* AFCalendarControl.h */; settings = {ATTRIBUTES = (Public, ); }; };
		533F5C360FBF565900169C14 /* AFCalendarControl.m in Sources */ = {isa = PBXBuildFile; fileRef = 533F5C140FBF565900169C14 /* AFCalendarControl.m */; };
		533F5C370FBF565900169C14 /* AFCalendarControlCell.h in Headers */ = {isa = PBXBuildFile; fileRef = 533F5C150FBF565900169C14 /* AFCalendarControlCell.h */; settings = {ATTRIBUTES = (Public, ); }; };
		533F5C380FBF565900169C14 /* AFCalendarControlCell.m in Sources */ = {isa = PBXBuildFile; fileRef = 533F5C160FBF565900169C14 /* AFCalendarControlCell.m */; };
		533F5C3B0FBF565900169C14 /* AFSegmentedWeekControl.h in Headers */ = {isa = PBXBuildFile; fileRef = 533F5C190FBF565900169C14 /* AFSegmentedWeekControl.h */; settings = {ATTRIBUTES = (Public, ); }; };
		533F5C3C0FBF565900169C14 /* AFSegmentedWeekControl.m in Sources */ = {isa = PBXBuildFile; fileRef = 533F5C1A0FBF565900169C14 /* AFSegmentedWeekControl.m */; };
		533F5C3D0FBF565900169C14 /* AFWeekSegmentCell.h in Headers */ = {isa = PBXBuildFile; fileRef = 533F5C1B0FBF565900169C14 /* AFWeekSegmentCell.h */; settings = {ATTRIBUTES = (Public, ); }; };
		533F5C3E0FBF565900169C14 /* AFWeekSegmentCell.m in Sources */ = {isa = PBXBuildFile; fileRef = 533F5C1C0FBF565900169C14 /* AFWeekSegmentCell.m */; };
		533F5C3F0FBF565900169C14 /* AFGradientButton.h in Headers */ = {isa = PBXBuildFile; fileRef = 533F5C1E0FBF565900169C14 /* AFGradientButton.h */; settings = {ATTRIBUTES = (Public, ); }; };
		533F5C400FBF565900169C14 /* AFGradientButton.m in Sources */ = {isa = PBXBuildFile; fileRef = 533F5C1F0FBF565900169C14 /* AFGradientButton.m */; };
		533F5C410FBF565900169C14 /* AFGradientCell.h in Headers */ = {isa = PBXBuildFile; fileRef = 533F5C200FBF565900169C14 /* AFGradientCell.h */; settings = {ATTRIBUTES = (Public, ); }; };
		533F5C420FBF565900169C14 /* AFGradientCell.m in Sources */ = {isa = PBXBuildFile; fileRef = 533F5C210FBF565900169C14 /* AFGradientCell.m */; };
		533F5C430FBF565900169C14 /* AFSwitchControl.h in Headers */ = {isa = PBXBuildFile; fileRef = 533F5C220FBF565900169C14 /* AFSwitchControl.h */; settings = {ATTRIBUTES = (Public, ); }; };
		533F5C440FBF565900169C14 /* AFSwitchControl.m in Sources */ = {isa = PBXBuildFile; fileRef = 533F5C230FBF565900169C14 /* AFSwitchControl.m */; };
		533F5C450FBF565900169C14 /* AFDisclosureButton.h in Headers */ = {isa = PBXBuildFile; fileRef = 533F5C250FBF565900169C14 /* AFDisclosureButton.h */; settings = {ATTRIBUTES = (Public, ); }; };
		533F5C460FBF565900169C14 /* AFDisclosureButton.m in Sources */ = {isa = PBXBuildFile; fileRef = 533F5C260FBF565900169C14 /* AFDisclosureButton.m */; };
		533F5C470FBF565900169C14 /* AFImageTextCell.h in Headers */ = {isa = PBXBuildFile; fileRef = 533F5C270FBF565900169C14 /* AFImageTextCell.h */; settings = {ATTRIBUTES = (Public, ); }; };
		533F5C480FBF565900169C14 /* AFImageTextCell.m in Sources */ = {isa = PBXBuildFile; fileRef = 533F5C280FBF565900169C14 /* AFImageTextCell.m */; };
		533F5C4D0FBF565900169C14 /* AFSourceList.h in Headers */ = {isa = PBXBuildFile; fileRef = 533F5C2D0FBF565900169C14 /* AFSourceList.h */; settings = {ATTRIBUTES = (Public, ); }; };
		533F5C4E0FBF565900169C14 /* AFSourceList.m in Sources */ = {isa = PBXBuildFile; fileRef = 533F5C2E0FBF565900169C14 /* AFSourceList.m */; };
		533F5C510FBF565900169C14 /* AFTextFieldCell.h in Headers */ = {isa = PBXBuildFile; fileRef = 533F5C310FBF565900169C14 /* AFTextFieldCell.h */; settings = {ATTRIBUTES = (Public, ); }; };
		533F5C520FBF565900169C14 /* AFTextFieldCell.m in Sources */ = {isa = PBXBuildFile; fileRef = 533F5C320FBF565900169C14 /* AFTextFieldCell.m */; };
		533F5D470FBF622700169C14 /* NSControl+Additions.h in Headers */ = {isa = PBXBuildFile; fileRef = 533F5D450FBF622700169C14 /* NSControl+Additions.h */; settings = {ATTRIBUTES = (Public, ); }; };
		533F5D480FBF622700169C14 /* NSControl+Additions.m in Sources */ = {isa = PBXBuildFile; fileRef = 533F5D460FBF622700169C14 /* NSControl+Additions.m */; };
		533F5D490FBF622700169C14 /* NSControl+Additions.h in Headers */ = {isa = PBXBuildFile; fileRef = 533F5D450FBF622700169C14 /* NSControl+Additions.h */; settings = {ATTRIBUTES = (Public, ); }; };
		535C1626117B055600F7B978 /* AmberKit.h in Headers */ = {isa = PBXBuildFile; fileRef = 539BFE030F1FE2AE003C1148 /* AmberKit.h */; settings = {ATTRIBUTES = (Public, ); }; };
		535C1627117B056100F7B978 /* libCoreAmberKit.a in Frameworks */ = {isa = PBXBuildFile; fileRef = 537917750F7FC43B0064EB92 /* libCoreAmberKit.a */; };
		535C164B117B071900F7B978 /* AFKeyValueBinding.h in Headers */ = {isa = PBXBuildFile; fileRef = 5370DE6C0F5AED26008F5991 /* AFKeyValueBinding.h */; settings = {ATTRIBUTES = (Public, ); }; };
		535C164C117B071D00F7B978 /* AFKeyValueBinding.m in Sources */ = {isa = PBXBuildFile; fileRef = 5370DE6D0F5AED26008F5991 /* AFKeyValueBinding.m */; };
		535C184F117B0A0A00F7B978 /* CoreAmberKit.m in Sources */ = {isa = PBXBuildFile; fileRef = 535C184E117B0A0A00F7B978 /* CoreAmberKit.m */; };
		5364C0D2117A687200181223 /* AmberFoundation.framework in Frameworks */ = {isa = PBXBuildFile; fileRef = 5364C0CD117A686400181223 /* AmberFoundation.framework */; };
		53692C190F1B87CA0051C367 /* QuartzCore.framework in Frameworks */ = {isa = PBXBuildFile; fileRef = 53692C180F1B87CA0051C367 /* QuartzCore.framework */; };
		537917800F7FC4BC0064EB92 /* AFKeyValueBinding.h in Headers */ = {isa = PBXBuildFile; fileRef = 5370DE6C0F5AED26008F5991 /* AFKeyValueBinding.h */; settings = {ATTRIBUTES = (Public, ); }; };
		537917810F7FC4BC0064EB92 /* AFKeyValueBinding.m in Sources */ = {isa = PBXBuildFile; fileRef = 5370DE6D0F5AED26008F5991 /* AFKeyValueBinding.m */; };
		537917840F7FC4C00064EB92 /* NSBezierPath+Additions.h in Headers */ = {isa = PBXBuildFile; fileRef = 5370DE9A0F5AED93008F5991 /* NSBezierPath+Additions.h */; settings = {ATTRIBUTES = (Public, ); }; };
		537917850F7FC4C00064EB92 /* NSBezierPath+Additions.m in Sources */ = {isa = PBXBuildFile; fileRef = 5370DE9B0F5AED93008F5991 /* NSBezierPath+Additions.m */; };
		537917860F7FC4C10064EB92 /* NSBundle+Additions.h in Headers */ = {isa = PBXBuildFile; fileRef = 5370DE950F5AED76008F5991 /* NSBundle+Additions.h */; settings = {ATTRIBUTES = (Public, ); }; };
		537917870F7FC4C20064EB92 /* NSBundle+Additions.m in Sources */ = {isa = PBXBuildFile; fileRef = 5370DE940F5AED76008F5991 /* NSBundle+Additions.m */; };
		537917880F7FC4C30064EB92 /* NSGradient+Additions.h in Headers */ = {isa = PBXBuildFile; fileRef = 5370DE9D0F5AED93008F5991 /* NSGradient+Additions.h */; settings = {ATTRIBUTES = (Public, ); }; };
		537917890F7FC4C40064EB92 /* NSGradient+Additions.m in Sources */ = {isa = PBXBuildFile; fileRef = 5370DE9C0F5AED93008F5991 /* NSGradient+Additions.m */; };
		5379178A0F7FC4C40064EB92 /* NSTreeController+Additions.h in Headers */ = {isa = PBXBuildFile; fileRef = 5370DE8B0F5AED5D008F5991 /* NSTreeController+Additions.h */; settings = {ATTRIBUTES = (Public, ); }; };
		5379178B0F7FC4C50064EB92 /* NSTreeController+Additions.m in Sources */ = {isa = PBXBuildFile; fileRef = 5370DE8A0F5AED5D008F5991 /* NSTreeController+Additions.m */; };
		5379178C0F7FC4C60064EB92 /* NSTreeNode+Additions.h in Headers */ = {isa = PBXBuildFile; fileRef = 5370DE880F5AED5D008F5991 /* NSTreeNode+Additions.h */; settings = {ATTRIBUTES = (Public, ); }; };
		5379178D0F7FC4C60064EB92 /* NSTreeNode+Additions.m in Sources */ = {isa = PBXBuildFile; fileRef = 5370DE890F5AED5D008F5991 /* NSTreeNode+Additions.m */; };
		537917920F7FC7C90064EB92 /* libCoreAmberKit.a in Frameworks */ = {isa = PBXBuildFile; fileRef = 537917750F7FC43B0064EB92 /* libCoreAmberKit.a */; };
		5379179A0F7FC8A90064EB92 /* AFKeyValueBinding.h in Headers */ = {isa = PBXBuildFile; fileRef = 5370DE6C0F5AED26008F5991 /* AFKeyValueBinding.h */; settings = {ATTRIBUTES = (Public, ); }; };
		5379179B0F7FC8AD0064EB92 /* NSBezierPath+Additions.h in Headers */ = {isa = PBXBuildFile; fileRef = 5370DE9A0F5AED93008F5991 /* NSBezierPath+Additions.h */; settings = {ATTRIBUTES = (Public, ); }; };
		5379179C0F7FC8AD0064EB92 /* NSBundle+Additions.h in Headers */ = {isa = PBXBuildFile; fileRef = 5370DE950F5AED76008F5991 /* NSBundle+Additions.h */; settings = {ATTRIBUTES = (Public, ); }; };
		5379179D0F7FC8AE0064EB92 /* NSGradient+Additions.h in Headers */ = {isa = PBXBuildFile; fileRef = 5370DE9D0F5AED93008F5991 /* NSGradient+Additions.h */; settings = {ATTRIBUTES = (Public, ); }; };
		5379179E0F7FC8AF0064EB92 /* NSTreeController+Additions.h in Headers */ = {isa = PBXBuildFile; fileRef = 5370DE8B0F5AED5D008F5991 /* NSTreeController+Additions.h */; settings = {ATTRIBUTES = (Public, ); }; };
		5379179F0F7FC8B10064EB92 /* NSTreeNode+Additions.h in Headers */ = {isa = PBXBuildFile; fileRef = 5370DE880F5AED5D008F5991 /* NSTreeNode+Additions.h */; settings = {ATTRIBUTES = (Public, ); }; };
		5379181F0F7FCAA30064EB92 /* AmberKit.h in Headers */ = {isa = PBXBuildFile; fileRef = 539BFE030F1FE2AE003C1148 /* AmberKit.h */; settings = {ATTRIBUTES = (Public, ); }; };
		538AD2D50F8A81780031CFF7 /* CoreAmberKit.h in Headers */ = {isa = PBXBuildFile; fileRef = 5379174A0F7FC3560064EB92 /* CoreAmberKit.h */; settings = {ATTRIBUTES = (Public, ); }; };
		53F6E3770FCB3B350009FF33 /* AFKitConstants.h in Headers */ = {isa = PBXBuildFile; fileRef = 53F6E3750FCB3B350009FF33 /* AFKitConstants.h */; settings = {ATTRIBUTES = (Public, ); }; };
		53F6E3780FCB3B350009FF33 /* AFKitConstants.m in Sources */ = {isa = PBXBuildFile; fileRef = 53F6E3760FCB3B350009FF33 /* AFKitConstants.m */; };
/* End PBXBuildFile section */

/* Begin PBXBuildRule section */
		537916E10F7FB2CD0064EB92 /* PBXBuildRule */ = {
			isa = PBXBuildRule;
			compilerSpec = com.apple.compilers.proxy.script;
			filePatterns = "*.h+";
			fileType = pattern.proxy;
			isEditable = 1;
			outputFiles = (
				"\"$TARGET_BUILD_DIR/$PUBLIC_HEADERS_PATH/$INPUT_FILE_BASE.h\"",
			);
			script = "";
		};
/* End PBXBuildRule section */

/* Begin PBXContainerItemProxy section */
		5364C0CC117A686400181223 /* PBXContainerItemProxy */ = {
			isa = PBXContainerItemProxy;
			containerPortal = 5364C0BB117A686400181223 /* AmberFoundation.xcodeproj */;
			proxyType = 2;
			remoteGlobalIDString = 539A60C30D2698B7001CD14A;
			remoteInfo = AmberFoundation;
		};
		5364C0CE117A686400181223 /* PBXContainerItemProxy */ = {
			isa = PBXContainerItemProxy;
			containerPortal = 5364C0BB117A686400181223 /* AmberFoundation.xcodeproj */;
			proxyType = 2;
			remoteGlobalIDString = 532F73DE0F0EB1AA004D6056;
			remoteInfo = "AmberFoundation Touch";
		};
		5364C0D0117A686D00181223 /* PBXContainerItemProxy */ = {
			isa = PBXContainerItemProxy;
			containerPortal = 5364C0BB117A686400181223 /* AmberFoundation.xcodeproj */;
			proxyType = 1;
			remoteGlobalIDString = 539A60C20D2698B7001CD14A;
			remoteInfo = AmberFoundation;
		};
		537917900F7FC7C20064EB92 /* PBXContainerItemProxy */ = {
			isa = PBXContainerItemProxy;
			containerPortal = 5343E6FD0C21FB1000B63E6E /* Project object */;
			proxyType = 1;
			remoteGlobalIDString = 537917740F7FC43B0064EB92;
			remoteInfo = "AmberKit (Additions)";
		};
/* End PBXContainerItemProxy section */

/* Begin PBXFileReference section */
		533D71FC117A584B005A65D3 /* AmberKit.m */ = {isa = PBXFileReference; fileEncoding = 4; lastKnownFileType = sourcecode.c.objc; path = AmberKit.m; sourceTree = "<group>"; };
		533D7216117A5895005A65D3 /* AFGeometry.h */ = {isa = PBXFileReference; fileEncoding = 4; lastKnownFileType = sourcecode.c.h; path = AFGeometry.h; sourceTree = "<group>"; };
		533D7217117A5895005A65D3 /* AFGeometry.m */ = {isa = PBXFileReference; fileEncoding = 4; lastKnownFileType = sourcecode.c.objc; path = AFGeometry.m; sourceTree = "<group>"; };
		533D7280117A67BB005A65D3 /* AppKit.framework */ = {isa = PBXFileReference; lastKnownFileType = wrapper.framework; name = AppKit.framework; path = System/Library/Frameworks/AppKit.framework; sourceTree = SDKROOT; };
		533D7284117A67C1005A65D3 /* Foundation.framework */ = {isa = PBXFileReference; lastKnownFileType = wrapper.framework; name = Foundation.framework; path = System/Library/Frameworks/Foundation.framework; sourceTree = SDKROOT; };
		533F5C110FBF565900169C14 /* AFCalendarButton.h */ = {isa = PBXFileReference; fileEncoding = 4; lastKnownFileType = sourcecode.c.h; path = AFCalendarButton.h; sourceTree = "<group>"; };
		533F5C120FBF565900169C14 /* AFCalendarButton.m */ = {isa = PBXFileReference; fileEncoding = 4; lastKnownFileType = sourcecode.c.objc; path = AFCalendarButton.m; sourceTree = "<group>"; };
		533F5C130FBF565900169C14 /* AFCalendarControl.h */ = {isa = PBXFileReference; fileEncoding = 4; lastKnownFileType = sourcecode.c.h; path = AFCalendarControl.h; sourceTree = "<group>"; };
		533F5C140FBF565900169C14 /* AFCalendarControl.m */ = {isa = PBXFileReference; fileEncoding = 4; lastKnownFileType = sourcecode.c.objc; path = AFCalendarControl.m; sourceTree = "<group>"; };
		533F5C150FBF565900169C14 /* AFCalendarControlCell.h */ = {isa = PBXFileReference; fileEncoding = 4; lastKnownFileType = sourcecode.c.h; path = AFCalendarControlCell.h; sourceTree = "<group>"; };
		533F5C160FBF565900169C14 /* AFCalendarControlCell.m */ = {isa = PBXFileReference; fileEncoding = 4; lastKnownFileType = sourcecode.c.objc; path = AFCalendarControlCell.m; sourceTree = "<group>"; };
		533F5C190FBF565900169C14 /* AFSegmentedWeekControl.h */ = {isa = PBXFileReference; fileEncoding = 4; lastKnownFileType = sourcecode.c.h; path = AFSegmentedWeekControl.h; sourceTree = "<group>"; };
		533F5C1A0FBF565900169C14 /* AFSegmentedWeekControl.m */ = {isa = PBXFileReference; fileEncoding = 4; lastKnownFileType = sourcecode.c.objc; path = AFSegmentedWeekControl.m; sourceTree = "<group>"; };
		533F5C1B0FBF565900169C14 /* AFWeekSegmentCell.h */ = {isa = PBXFileReference; fileEncoding = 4; lastKnownFileType = sourcecode.c.h; path = AFWeekSegmentCell.h; sourceTree = "<group>"; };
		533F5C1C0FBF565900169C14 /* AFWeekSegmentCell.m */ = {isa = PBXFileReference; fileEncoding = 4; lastKnownFileType = sourcecode.c.objc; path = AFWeekSegmentCell.m; sourceTree = "<group>"; };
		533F5C1E0FBF565900169C14 /* AFGradientButton.h */ = {isa = PBXFileReference; fileEncoding = 4; lastKnownFileType = sourcecode.c.h; path = AFGradientButton.h; sourceTree = "<group>"; };
		533F5C1F0FBF565900169C14 /* AFGradientButton.m */ = {isa = PBXFileReference; fileEncoding = 4; lastKnownFileType = sourcecode.c.objc; path = AFGradientButton.m; sourceTree = "<group>"; };
		533F5C200FBF565900169C14 /* AFGradientCell.h */ = {isa = PBXFileReference; fileEncoding = 4; lastKnownFileType = sourcecode.c.h; path = AFGradientCell.h; sourceTree = "<group>"; };
		533F5C210FBF565900169C14 /* AFGradientCell.m */ = {isa = PBXFileReference; fileEncoding = 4; lastKnownFileType = sourcecode.c.objc; path = AFGradientCell.m; sourceTree = "<group>"; };
		533F5C220FBF565900169C14 /* AFSwitchControl.h */ = {isa = PBXFileReference; fileEncoding = 4; lastKnownFileType = sourcecode.c.h; path = AFSwitchControl.h; sourceTree = "<group>"; };
		533F5C230FBF565900169C14 /* AFSwitchControl.m */ = {isa = PBXFileReference; fileEncoding = 4; lastKnownFileType = sourcecode.c.objc; path = AFSwitchControl.m; sourceTree = "<group>"; };
		533F5C250FBF565900169C14 /* AFDisclosureButton.h */ = {isa = PBXFileReference; fileEncoding = 4; lastKnownFileType = sourcecode.c.h; path = AFDisclosureButton.h; sourceTree = "<group>"; };
		533F5C260FBF565900169C14 /* AFDisclosureButton.m */ = {isa = PBXFileReference; fileEncoding = 4; lastKnownFileType = sourcecode.c.objc; path = AFDisclosureButton.m; sourceTree = "<group>"; };
		533F5C270FBF565900169C14 /* AFImageTextCell.h */ = {isa = PBXFileReference; fileEncoding = 4; lastKnownFileType = sourcecode.c.h; path = AFImageTextCell.h; sourceTree = "<group>"; };
		533F5C280FBF565900169C14 /* AFImageTextCell.m */ = {isa = PBXFileReference; fileEncoding = 4; lastKnownFileType = sourcecode.c.objc; path = AFImageTextCell.m; sourceTree = "<group>"; };
		533F5C2D0FBF565900169C14 /* AFSourceList.h */ = {isa = PBXFileReference; fileEncoding = 4; lastKnownFileType = sourcecode.c.h; path = AFSourceList.h; sourceTree = "<group>"; };
		533F5C2E0FBF565900169C14 /* AFSourceList.m */ = {isa = PBXFileReference; fileEncoding = 4; lastKnownFileType = sourcecode.c.objc; path = AFSourceList.m; sourceTree = "<group>"; };
		533F5C310FBF565900169C14 /* AFTextFieldCell.h */ = {isa = PBXFileReference; fileEncoding = 4; lastKnownFileType = sourcecode.c.h; path = AFTextFieldCell.h; sourceTree = "<group>"; };
		533F5C320FBF565900169C14 /* AFTextFieldCell.m */ = {isa = PBXFileReference; fileEncoding = 4; lastKnownFileType = sourcecode.c.objc; path = AFTextFieldCell.m; sourceTree = "<group>"; };
		533F5D450FBF622700169C14 /* NSControl+Additions.h */ = {isa = PBXFileReference; fileEncoding = 4; lastKnownFileType = sourcecode.c.h; path = "NSControl+Additions.h"; sourceTree = "<group>"; };
		533F5D460FBF622700169C14 /* NSControl+Additions.m */ = {isa = PBXFileReference; fileEncoding = 4; lastKnownFileType = sourcecode.c.objc; path = "NSControl+Additions.m"; sourceTree = "<group>"; };
		53599FA610A86D900064F48C /* libAmberKit.a */ = {isa = PBXFileReference; explicitFileType = archive.ar; includeInIndex = 0; path = libAmberKit.a; sourceTree = BUILT_PRODUCTS_DIR; };
		535C184E117B0A0A00F7B978 /* CoreAmberKit.m */ = {isa = PBXFileReference; fileEncoding = 4; lastKnownFileType = sourcecode.c.objc; path = CoreAmberKit.m; sourceTree = "<group>"; };
		5364C0BB117A686400181223 /* AmberFoundation.xcodeproj */ = {isa = PBXFileReference; lastKnownFileType = "wrapper.pb-project"; name = AmberFoundation.xcodeproj; path = ../AmberFoundation/AmberFoundation.xcodeproj; sourceTree = SOURCE_ROOT; };
		53692BA60F1B85B10051C367 /* AmberKit_Prefix.pch */ = {isa = PBXFileReference; fileEncoding = 4; lastKnownFileType = sourcecode.c.h; path = AmberKit_Prefix.pch; sourceTree = "<group>"; };
		53692C180F1B87CA0051C367 /* QuartzCore.framework */ = {isa = PBXFileReference; lastKnownFileType = wrapper.framework; name = QuartzCore.framework; path = /System/Library/Frameworks/QuartzCore.framework; sourceTree = "<absolute>"; };
		5370DE6C0F5AED26008F5991 /* AFKeyValueBinding.h */ = {isa = PBXFileReference; fileEncoding = 4; lastKnownFileType = sourcecode.c.h; path = AFKeyValueBinding.h; sourceTree = "<group>"; };
		5370DE6D0F5AED26008F5991 /* AFKeyValueBinding.m */ = {isa = PBXFileReference; fileEncoding = 4; lastKnownFileType = sourcecode.c.objc; path = AFKeyValueBinding.m; sourceTree = "<group>"; };
		5370DE880F5AED5D008F5991 /* NSTreeNode+Additions.h */ = {isa = PBXFileReference; fileEncoding = 4; lastKnownFileType = sourcecode.c.h; path = "NSTreeNode+Additions.h"; sourceTree = "<group>"; };
		5370DE890F5AED5D008F5991 /* NSTreeNode+Additions.m */ = {isa = PBXFileReference; fileEncoding = 4; lastKnownFileType = sourcecode.c.objc; path = "NSTreeNode+Additions.m"; sourceTree = "<group>"; };
		5370DE8A0F5AED5D008F5991 /* NSTreeController+Additions.m */ = {isa = PBXFileReference; fileEncoding = 4; lastKnownFileType = sourcecode.c.objc; path = "NSTreeController+Additions.m"; sourceTree = "<group>"; };
		5370DE8B0F5AED5D008F5991 /* NSTreeController+Additions.h */ = {isa = PBXFileReference; fileEncoding = 4; lastKnownFileType = sourcecode.c.h; path = "NSTreeController+Additions.h"; sourceTree = "<group>"; };
		5370DE940F5AED76008F5991 /* NSBundle+Additions.m */ = {isa = PBXFileReference; fileEncoding = 4; lastKnownFileType = sourcecode.c.objc; path = "NSBundle+Additions.m"; sourceTree = "<group>"; };
		5370DE950F5AED76008F5991 /* NSBundle+Additions.h */ = {isa = PBXFileReference; fileEncoding = 4; lastKnownFileType = sourcecode.c.h; path = "NSBundle+Additions.h"; sourceTree = "<group>"; };
		5370DE9A0F5AED93008F5991 /* NSBezierPath+Additions.h */ = {isa = PBXFileReference; fileEncoding = 4; lastKnownFileType = sourcecode.c.h; path = "NSBezierPath+Additions.h"; sourceTree = "<group>"; };
		5370DE9B0F5AED93008F5991 /* NSBezierPath+Additions.m */ = {isa = PBXFileReference; fileEncoding = 4; lastKnownFileType = sourcecode.c.objc; path = "NSBezierPath+Additions.m"; sourceTree = "<group>"; };
		5370DE9C0F5AED93008F5991 /* NSGradient+Additions.m */ = {isa = PBXFileReference; fileEncoding = 4; lastKnownFileType = sourcecode.c.objc; path = "NSGradient+Additions.m"; sourceTree = "<group>"; };
		5370DE9D0F5AED93008F5991 /* NSGradient+Additions.h */ = {isa = PBXFileReference; fileEncoding = 4; lastKnownFileType = sourcecode.c.h; path = "NSGradient+Additions.h"; sourceTree = "<group>"; };
		5379174A0F7FC3560064EB92 /* CoreAmberKit.h */ = {isa = PBXFileReference; fileEncoding = 4; lastKnownFileType = sourcecode.c.h; path = CoreAmberKit.h; sourceTree = "<group>"; };
		537917750F7FC43B0064EB92 /* libCoreAmberKit.a */ = {isa = PBXFileReference; explicitFileType = archive.ar; includeInIndex = 0; path = libCoreAmberKit.a; sourceTree = BUILT_PRODUCTS_DIR; };
		539BFE030F1FE2AE003C1148 /* AmberKit.h */ = {isa = PBXFileReference; fileEncoding = 4; lastKnownFileType = sourcecode.c.h; path = AmberKit.h; sourceTree = "<group>"; };
		53EE97470F190070008AD8C0 /* AmberKit.framework */ = {isa = PBXFileReference; explicitFileType = wrapper.framework; includeInIndex = 0; path = AmberKit.framework; sourceTree = BUILT_PRODUCTS_DIR; };
		53EE97480F190070008AD8C0 /* AmberKit-Info.plist */ = {isa = PBXFileReference; lastKnownFileType = text.plist.xml; path = "AmberKit-Info.plist"; sourceTree = "<group>"; };
		53F6E3750FCB3B350009FF33 /* AFKitConstants.h */ = {isa = PBXFileReference; fileEncoding = 4; lastKnownFileType = sourcecode.c.h; path = AFKitConstants.h; sourceTree = "<group>"; };
		53F6E3760FCB3B350009FF33 /* AFKitConstants.m */ = {isa = PBXFileReference; fileEncoding = 4; lastKnownFileType = sourcecode.c.objc; path = AFKitConstants.m; sourceTree = "<group>"; };
/* End PBXFileReference section */

/* Begin PBXFrameworksBuildPhase section */
		53599FA410A86D900064F48C /* Frameworks */ = {
			isa = PBXFrameworksBuildPhase;
			buildActionMask = 2147483647;
			files = (
				535C1627117B056100F7B978 /* libCoreAmberKit.a in Frameworks */,
			);
			runOnlyForDeploymentPostprocessing = 0;
		};
		537917730F7FC43B0064EB92 /* Frameworks */ = {
			isa = PBXFrameworksBuildPhase;
			buildActionMask = 2147483647;
			files = (
			);
			runOnlyForDeploymentPostprocessing = 0;
		};
		53EE97450F190070008AD8C0 /* Frameworks */ = {
			isa = PBXFrameworksBuildPhase;
			buildActionMask = 2147483647;
			files = (
				5364C0D2117A687200181223 /* AmberFoundation.framework in Frameworks */,
				533D7281117A67BB005A65D3 /* AppKit.framework in Frameworks */,
				533D7285117A67C1005A65D3 /* Foundation.framework in Frameworks */,
				53692C190F1B87CA0051C367 /* QuartzCore.framework in Frameworks */,
				537917920F7FC7C90064EB92 /* libCoreAmberKit.a in Frameworks */,
			);
			runOnlyForDeploymentPostprocessing = 0;
		};
/* End PBXFrameworksBuildPhase section */

/* Begin PBXGroup section */
		533F5C100FBF565900169C14 /* calendarcontrol */ = {
			isa = PBXGroup;
			children = (
				533F5C110FBF565900169C14 /* AFCalendarButton.h */,
				533F5C120FBF565900169C14 /* AFCalendarButton.m */,
				533F5C130FBF565900169C14 /* AFCalendarControl.h */,
				533F5C140FBF565900169C14 /* AFCalendarControl.m */,
				533F5C150FBF565900169C14 /* AFCalendarControlCell.h */,
				533F5C160FBF565900169C14 /* AFCalendarControlCell.m */,
				533F5C190FBF565900169C14 /* AFSegmentedWeekControl.h */,
				533F5C1A0FBF565900169C14 /* AFSegmentedWeekControl.m */,
				533F5C1B0FBF565900169C14 /* AFWeekSegmentCell.h */,
				533F5C1C0FBF565900169C14 /* AFWeekSegmentCell.m */,
			);
			path = calendarcontrol;
			sourceTree = "<group>";
		};
		533F5C1D0FBF565900169C14 /* switchcontrol */ = {
			isa = PBXGroup;
			children = (
				533F5C1E0FBF565900169C14 /* AFGradientButton.h */,
				533F5C1F0FBF565900169C14 /* AFGradientButton.m */,
				533F5C200FBF565900169C14 /* AFGradientCell.h */,
				533F5C210FBF565900169C14 /* AFGradientCell.m */,
				533F5C220FBF565900169C14 /* AFSwitchControl.h */,
				533F5C230FBF565900169C14 /* AFSwitchControl.m */,
			);
			path = switchcontrol;
			sourceTree = "<group>";
		};
		533F5C240FBF565900169C14 /* sourcelist */ = {
			isa = PBXGroup;
			children = (
				533F5C250FBF565900169C14 /* AFDisclosureButton.h */,
				533F5C260FBF565900169C14 /* AFDisclosureButton.m */,
				533F5C270FBF565900169C14 /* AFImageTextCell.h */,
				533F5C280FBF565900169C14 /* AFImageTextCell.m */,
				533F5C2D0FBF565900169C14 /* AFSourceList.h */,
				533F5C2E0FBF565900169C14 /* AFSourceList.m */,
				533F5C310FBF565900169C14 /* AFTextFieldCell.h */,
				533F5C320FBF565900169C14 /* AFTextFieldCell.m */,
			);
			path = sourcelist;
			sourceTree = "<group>";
		};
		533F61F00FC0468900169C14 /* Resources */ = {
			isa = PBXGroup;
			children = (
				53EE97480F190070008AD8C0 /* AmberKit-Info.plist */,
			);
			name = Resources;
			sourceTree = "<group>";
		};
		5343E6FB0C21FB1000B63E6E = {
			isa = PBXGroup;
			children = (
				539BFE030F1FE2AE003C1148 /* AmberKit.h */,
				533D71FC117A584B005A65D3 /* AmberKit.m */,
				5379174A0F7FC3560064EB92 /* CoreAmberKit.h */,
				535C184E117B0A0A00F7B978 /* CoreAmberKit.m */,
				53599FAA10A86DCB0064F48C /* General */,
				539A610F0D269C8F001CD14A /* Categories */,
				53692A7A0F1B7EF90051C367 /* Externals */,
				53692B960F1B85640051C367 /* Other Sources */,
				533F61F00FC0468900169C14 /* Resources */,
				537E52F10CFC89760084F920 /* Frameworks */,
				5343E70F0C21FB4200B63E6E /* Products */,
			);
			sourceTree = "<group>";
		};
		5343E70F0C21FB4200B63E6E /* Products */ = {
			isa = PBXGroup;
			children = (
				53EE97470F190070008AD8C0 /* AmberKit.framework */,
				537917750F7FC43B0064EB92 /* libCoreAmberKit.a */,
				53599FA610A86D900064F48C /* libAmberKit.a */,
			);
			name = Products;
			sourceTree = "<group>";
		};
		53599FAA10A86DCB0064F48C /* General */ = {
			isa = PBXGroup;
			children = (
				533D7216117A5895005A65D3 /* AFGeometry.h */,
				533D7217117A5895005A65D3 /* AFGeometry.m */,
				5370DE6C0F5AED26008F5991 /* AFKeyValueBinding.h */,
				5370DE6D0F5AED26008F5991 /* AFKeyValueBinding.m */,
			);
			name = General;
			sourceTree = "<group>";
		};
		5364C0BC117A686400181223 /* Products */ = {
			isa = PBXGroup;
			children = (
				5364C0CD117A686400181223 /* AmberFoundation.framework */,
				5364C0CF117A686400181223 /* libAmberFoundation.a */,
			);
			name = Products;
			sourceTree = "<group>";
		};
		53692A7A0F1B7EF90051C367 /* Externals */ = {
			isa = PBXGroup;
			children = (
				533F5C100FBF565900169C14 /* calendarcontrol */,
				533F5C1D0FBF565900169C14 /* switchcontrol */,
				533F5C240FBF565900169C14 /* sourcelist */,
			);
			name = Externals;
			sourceTree = "<group>";
		};
		53692B960F1B85640051C367 /* Other Sources */ = {
			isa = PBXGroup;
			children = (
				53692BA60F1B85B10051C367 /* AmberKit_Prefix.pch */,
				53F6E3750FCB3B350009FF33 /* AFKitConstants.h */,
				53F6E3760FCB3B350009FF33 /* AFKitConstants.m */,
			);
			name = "Other Sources";
			sourceTree = "<group>";
		};
		537E52F10CFC89760084F920 /* Frameworks */ = {
			isa = PBXGroup;
			children = (
				533D7280117A67BB005A65D3 /* AppKit.framework */,
				533D7284117A67C1005A65D3 /* Foundation.framework */,
				53692C180F1B87CA0051C367 /* QuartzCore.framework */,
				5364C0BB117A686400181223 /* AmberFoundation.xcodeproj */,
			);
			name = Frameworks;
			sourceTree = "<group>";
		};
		539A610F0D269C8F001CD14A /* Categories */ = {
			isa = PBXGroup;
			children = (
				5370DE9A0F5AED93008F5991 /* NSBezierPath+Additions.h */,
				5370DE9B0F5AED93008F5991 /* NSBezierPath+Additions.m */,
				5370DE9D0F5AED93008F5991 /* NSGradient+Additions.h */,
				5370DE9C0F5AED93008F5991 /* NSGradient+Additions.m */,
				5370DE950F5AED76008F5991 /* NSBundle+Additions.h */,
				5370DE940F5AED76008F5991 /* NSBundle+Additions.m */,
				5370DE880F5AED5D008F5991 /* NSTreeNode+Additions.h */,
				5370DE890F5AED5D008F5991 /* NSTreeNode+Additions.m */,
				5370DE8B0F5AED5D008F5991 /* NSTreeController+Additions.h */,
				5370DE8A0F5AED5D008F5991 /* NSTreeController+Additions.m */,
				533F5D450FBF622700169C14 /* NSControl+Additions.h */,
				533F5D460FBF622700169C14 /* NSControl+Additions.m */,
			);
			name = Categories;
			sourceTree = "<group>";
		};
/* End PBXGroup section */

/* Begin PBXHeadersBuildPhase section */
		53599FA210A86D900064F48C /* Headers */ = {
			isa = PBXHeadersBuildPhase;
			buildActionMask = 2147483647;
			files = (
				533D721A117A5895005A65D3 /* AFGeometry.h in Headers */,
				535C1626117B055600F7B978 /* AmberKit.h in Headers */,
				535C164B117B071900F7B978 /* AFKeyValueBinding.h in Headers */,
			);
			runOnlyForDeploymentPostprocessing = 0;
		};
		537917710F7FC43B0064EB92 /* Headers */ = {
			isa = PBXHeadersBuildPhase;
			buildActionMask = 2147483647;
			files = (
				537917800F7FC4BC0064EB92 /* AFKeyValueBinding.h in Headers */,
				537917840F7FC4C00064EB92 /* NSBezierPath+Additions.h in Headers */,
				537917860F7FC4C10064EB92 /* NSBundle+Additions.h in Headers */,
				537917880F7FC4C30064EB92 /* NSGradient+Additions.h in Headers */,
				5379178A0F7FC4C40064EB92 /* NSTreeController+Additions.h in Headers */,
				5379178C0F7FC4C60064EB92 /* NSTreeNode+Additions.h in Headers */,
				538AD2D50F8A81780031CFF7 /* CoreAmberKit.h in Headers */,
				533F5D470FBF622700169C14 /* NSControl+Additions.h in Headers */,
				533D721C117A5895005A65D3 /* AFGeometry.h in Headers */,
			);
			runOnlyForDeploymentPostprocessing = 0;
		};
		53EE97420F190070008AD8C0 /* Headers */ = {
			isa = PBXHeadersBuildPhase;
			buildActionMask = 2147483647;
			files = (
				5379179A0F7FC8A90064EB92 /* AFKeyValueBinding.h in Headers */,
				5379179B0F7FC8AD0064EB92 /* NSBezierPath+Additions.h in Headers */,
				5379179C0F7FC8AD0064EB92 /* NSBundle+Additions.h in Headers */,
				5379179D0F7FC8AE0064EB92 /* NSGradient+Additions.h in Headers */,
				5379179E0F7FC8AF0064EB92 /* NSTreeController+Additions.h in Headers */,
				5379179F0F7FC8B10064EB92 /* NSTreeNode+Additions.h in Headers */,
				5379181F0F7FCAA30064EB92 /* AmberKit.h in Headers */,
				533F5C330FBF565900169C14 /* AFCalendarButton.h in Headers */,
				533F5C350FBF565900169C14 /* AFCalendarControl.h in Headers */,
				533F5C370FBF565900169C14 /* AFCalendarControlCell.h in Headers */,
				533F5C3B0FBF565900169C14 /* AFSegmentedWeekControl.h in Headers */,
				533F5C3D0FBF565900169C14 /* AFWeekSegmentCell.h in Headers */,
				533F5C3F0FBF565900169C14 /* AFGradientButton.h in Headers */,
				533F5C410FBF565900169C14 /* AFGradientCell.h in Headers */,
				533F5C430FBF565900169C14 /* AFSwitchControl.h in Headers */,
				533F5C450FBF565900169C14 /* AFDisclosureButton.h in Headers */,
				533F5C470FBF565900169C14 /* AFImageTextCell.h in Headers */,
				533F5C4D0FBF565900169C14 /* AFSourceList.h in Headers */,
				533F5C510FBF565900169C14 /* AFTextFieldCell.h in Headers */,
				533F5D490FBF622700169C14 /* NSControl+Additions.h in Headers */,
				53F6E3770FCB3B350009FF33 /* AFKitConstants.h in Headers */,
				533D7218117A5895005A65D3 /* AFGeometry.h in Headers */,
			);
			runOnlyForDeploymentPostprocessing = 0;
		};
/* End PBXHeadersBuildPhase section */

/* Begin PBXNativeTarget section */
		53599FA510A86D900064F48C /* AmberKit Touch */ = {
			isa = PBXNativeTarget;
			buildConfigurationList = 53599FA910A86DB30064F48C /* Build configuration list for PBXNativeTarget "AmberKit Touch" */;
			buildPhases = (
				53599FA210A86D900064F48C /* Headers */,
				53599FA310A86D900064F48C /* Sources */,
				53599FA410A86D900064F48C /* Frameworks */,
			);
			buildRules = (
			);
			dependencies = (
			);
			name = "AmberKit Touch";
			productName = "AmberKit Touch";
			productReference = 53599FA610A86D900064F48C /* libAmberKit.a */;
			productType = "com.apple.product-type.library.static";
		};
		537917740F7FC43B0064EB92 /* CoreAmberKit */ = {
			isa = PBXNativeTarget;
			buildConfigurationList = 537917780F7FC45F0064EB92 /* Build configuration list for PBXNativeTarget "CoreAmberKit" */;
			buildPhases = (
				537917710F7FC43B0064EB92 /* Headers */,
				537917720F7FC43B0064EB92 /* Sources */,
				537917730F7FC43B0064EB92 /* Frameworks */,
			);
			buildRules = (
			);
			comments = "This target exists purely for the controls to be implemented in a separate project, but still access the AppKit additions.";
			dependencies = (
			);
			name = CoreAmberKit;
			productName = "AmberKit (Additions)";
			productReference = 537917750F7FC43B0064EB92 /* libCoreAmberKit.a */;
			productType = "com.apple.product-type.library.static";
		};
		53EE97460F190070008AD8C0 /* AmberKit */ = {
			isa = PBXNativeTarget;
			buildConfigurationList = 53EE974B0F190074008AD8C0 /* Build configuration list for PBXNativeTarget "AmberKit" */;
			buildPhases = (
				53EE97420F190070008AD8C0 /* Headers */,
				53EE97430F190070008AD8C0 /* Resources */,
				53EE97440F190070008AD8C0 /* Sources */,
				53EE97450F190070008AD8C0 /* Frameworks */,
			);
			buildRules = (
				537916E10F7FB2CD0064EB92 /* PBXBuildRule */,
			);
			dependencies = (
				537917910F7FC7C20064EB92 /* PBXTargetDependency */,
				5364C0D1117A686D00181223 /* PBXTargetDependency */,
			);
			name = AmberKit;
			productName = AmberKit;
			productReference = 53EE97470F190070008AD8C0 /* AmberKit.framework */;
			productType = "com.apple.product-type.framework";
		};
/* End PBXNativeTarget section */

/* Begin PBXProject section */
		5343E6FD0C21FB1000B63E6E /* Project object */ = {
			isa = PBXProject;
			attributes = {
				BuildIndependentTargetsInParallel = YES;
			};
			buildConfigurationList = 5343E6FE0C21FB1000B63E6E /* Build configuration list for PBXProject "AmberKit" */;
			compatibilityVersion = "Xcode 3.1";
			hasScannedForEncodings = 0;
			mainGroup = 5343E6FB0C21FB1000B63E6E;
			productRefGroup = 5343E70F0C21FB4200B63E6E /* Products */;
			projectDirPath = "";
			projectReferences = (
				{
					ProductGroup = 5364C0BC117A686400181223 /* Products */;
					ProjectRef = 5364C0BB117A686400181223 /* AmberFoundation.xcodeproj */;
				},
			);
			projectRoot = "";
			targets = (
				53EE97460F190070008AD8C0 /* AmberKit */,
				53599FA510A86D900064F48C /* AmberKit Touch */,
				537917740F7FC43B0064EB92 /* CoreAmberKit */,
			);
		};
/* End PBXProject section */

/* Begin PBXReferenceProxy section */
		5364C0CD117A686400181223 /* AmberFoundation.framework */ = {
			isa = PBXReferenceProxy;
			fileType = wrapper.framework;
			path = AmberFoundation.framework;
			remoteRef = 5364C0CC117A686400181223 /* PBXContainerItemProxy */;
			sourceTree = BUILT_PRODUCTS_DIR;
		};
		5364C0CF117A686400181223 /* libAmberFoundation.a */ = {
			isa = PBXReferenceProxy;
			fileType = archive.ar;
			path = libAmberFoundation.a;
			remoteRef = 5364C0CE117A686400181223 /* PBXContainerItemProxy */;
			sourceTree = BUILT_PRODUCTS_DIR;
		};
/* End PBXReferenceProxy section */

/* Begin PBXResourcesBuildPhase section */
		53EE97430F190070008AD8C0 /* Resources */ = {
			isa = PBXResourcesBuildPhase;
			buildActionMask = 2147483647;
			files = (
			);
			runOnlyForDeploymentPostprocessing = 0;
		};
/* End PBXResourcesBuildPhase section */

/* Begin PBXSourcesBuildPhase section */
		53599FA310A86D900064F48C /* Sources */ = {
			isa = PBXSourcesBuildPhase;
			buildActionMask = 2147483647;
			files = (
				533D71FE117A584B005A65D3 /* AmberKit.m in Sources */,
				533D721B117A5895005A65D3 /* AFGeometry.m in Sources */,
				535C164C117B071D00F7B978 /* AFKeyValueBinding.m in Sources */,
			);
			runOnlyForDeploymentPostprocessing = 0;
		};
		537917720F7FC43B0064EB92 /* Sources */ = {
			isa = PBXSourcesBuildPhase;
			buildActionMask = 2147483647;
			files = (
				537917810F7FC4BC0064EB92 /* AFKeyValueBinding.m in Sources */,
				537917850F7FC4C00064EB92 /* NSBezierPath+Additions.m in Sources */,
				537917870F7FC4C20064EB92 /* NSBundle+Additions.m in Sources */,
				537917890F7FC4C40064EB92 /* NSGradient+Additions.m in Sources */,
				5379178B0F7FC4C50064EB92 /* NSTreeController+Additions.m in Sources */,
				5379178D0F7FC4C60064EB92 /* NSTreeNode+Additions.m in Sources */,
				533F5D480FBF622700169C14 /* NSControl+Additions.m in Sources */,
				533D721D117A5895005A65D3 /* AFGeometry.m in Sources */,
				535C184F117B0A0A00F7B978 /* CoreAmberKit.m in Sources */,
			);
			runOnlyForDeploymentPostprocessing = 0;
		};
		53EE97440F190070008AD8C0 /* Sources */ = {
			isa = PBXSourcesBuildPhase;
			buildActionMask = 2147483647;
			files = (
				533F5C340FBF565900169C14 /* AFCalendarButton.m in Sources */,
				533F5C360FBF565900169C14 /* AFCalendarControl.m in Sources */,
				533F5C380FBF565900169C14 /* AFCalendarControlCell.m in Sources */,
				533F5C3C0FBF565900169C14 /* AFSegmentedWeekControl.m in Sources */,
				533F5C3E0FBF565900169C14 /* AFWeekSegmentCell.m in Sources */,
				533F5C400FBF565900169C14 /* AFGradientButton.m in Sources */,
				533F5C420FBF565900169C14 /* AFGradientCell.m in Sources */,
				533F5C440FBF565900169C14 /* AFSwitchControl.m in Sources */,
				533F5C460FBF565900169C14 /* AFDisclosureButton.m in Sources */,
				533F5C480FBF565900169C14 /* AFImageTextCell.m in Sources */,
				533F5C4E0FBF565900169C14 /* AFSourceList.m in Sources */,
				533F5C520FBF565900169C14 /* AFTextFieldCell.m in Sources */,
				53F6E3780FCB3B350009FF33 /* AFKitConstants.m in Sources */,
				533D71FD117A584B005A65D3 /* AmberKit.m in Sources */,
			);
			runOnlyForDeploymentPostprocessing = 0;
		};
/* End PBXSourcesBuildPhase section */

/* Begin PBXTargetDependency section */
		5364C0D1117A686D00181223 /* PBXTargetDependency */ = {
			isa = PBXTargetDependency;
			name = AmberFoundation;
			targetProxy = 5364C0D0117A686D00181223 /* PBXContainerItemProxy */;
		};
		537917910F7FC7C20064EB92 /* PBXTargetDependency */ = {
			isa = PBXTargetDependency;
			target = 537917740F7FC43B0064EB92 /* CoreAmberKit */;
			targetProxy = 537917900F7FC7C20064EB92 /* PBXContainerItemProxy */;
		};
/* End PBXTargetDependency section */

/* Begin XCBuildConfiguration section */
		5343E6FF0C21FB1000B63E6E /* Debug */ = {
			isa = XCBuildConfiguration;
			buildSettings = {
				ARCHS = (
					i386,
					x86_64,
				);
				DEBUG_INFORMATION_FORMAT = "dwarf-with-dsym";
				GCC_C_LANGUAGE_STANDARD = c99;
				GCC_DEBUGGING_SYMBOLS = full;
				GCC_ENABLE_OBJC_GC = supported;
				GCC_OPTIMIZATION_LEVEL = 0;
				GCC_PREPROCESSOR_DEFINITIONS = NS_BUILD_32_LIKE_64;
				ONLY_ACTIVE_ARCH = YES;
				SDKROOT = macosx10.5;
			};
			name = Debug;
		};
		5343E7000C21FB1000B63E6E /* Release */ = {
			isa = XCBuildConfiguration;
			buildSettings = {
				ARCHS = (
					i386,
					x86_64,
				);
				DEBUG_INFORMATION_FORMAT = "dwarf-with-dsym";
				DEPLOYMENT_POSTPROCESSING = YES;
				GCC_C_LANGUAGE_STANDARD = c99;
				GCC_DEBUGGING_SYMBOLS = full;
				GCC_ENABLE_OBJC_GC = supported;
				GCC_OPTIMIZATION_LEVEL = s;
				GCC_PREPROCESSOR_DEFINITIONS = NS_BUILD_32_LIKE_64;
				SDKROOT = macosx10.5;
			};
			name = Release;
		};
		53599FA710A86D910064F48C /* Debug */ = {
			isa = XCBuildConfiguration;
			buildSettings = {
				ALWAYS_SEARCH_USER_PATHS = NO;
				COPY_PHASE_STRIP = NO;
				GCC_DYNAMIC_NO_PIC = NO;
				GCC_OPTIMIZATION_LEVEL = 0;
				PREBINDING = NO;
				PRODUCT_NAME = AmberKit;
			};
			name = Debug;
		};
		53599FA810A86D910064F48C /* Release */ = {
			isa = XCBuildConfiguration;
			buildSettings = {
				ALWAYS_SEARCH_USER_PATHS = NO;
				COPY_PHASE_STRIP = YES;
				DEBUG_INFORMATION_FORMAT = "dwarf-with-dsym";
				GCC_ENABLE_FIX_AND_CONTINUE = NO;
				PREBINDING = NO;
				PRODUCT_NAME = AmberKit;
				ZERO_LINK = NO;
			};
			name = Release;
		};
		537917760F7FC43C0064EB92 /* Debug */ = {
			isa = XCBuildConfiguration;
			buildSettings = {
				ALWAYS_SEARCH_USER_PATHS = NO;
				COPY_PHASE_STRIP = NO;
				GCC_DYNAMIC_NO_PIC = NO;
				GCC_ENABLE_FIX_AND_CONTINUE = YES;
				GCC_MODEL_TUNING = G5;
				GCC_OPTIMIZATION_LEVEL = 0;
				GCC_PRECOMPILE_PREFIX_HEADER = YES;
				INSTALL_PATH = /usr/local/lib;
				OTHER_LDFLAGS = (
					"-framework",
					Foundation,
					"-framework",
					AppKit,
				);
				PREBINDING = NO;
				PRIVATE_HEADERS_FOLDER_PATH = $PUBLIC_HEADERS_FOLDER_PATH/private;
				PRODUCT_NAME = CoreAmberKit;
				PUBLIC_HEADERS_FOLDER_PATH = /usr/local/include/$PRODUCT_NAME;
			};
			name = Debug;
		};
		537917770F7FC43C0064EB92 /* Release */ = {
			isa = XCBuildConfiguration;
			buildSettings = {
				ALWAYS_SEARCH_USER_PATHS = NO;
				COPY_PHASE_STRIP = YES;
				DEBUG_INFORMATION_FORMAT = "dwarf-with-dsym";
				GCC_ENABLE_FIX_AND_CONTINUE = NO;
				GCC_MODEL_TUNING = G5;
				GCC_PRECOMPILE_PREFIX_HEADER = YES;
				INSTALL_PATH = /usr/local/lib;
				OTHER_LDFLAGS = (
					"-framework",
					Foundation,
					"-framework",
					AppKit,
				);
				PREBINDING = NO;
				PRIVATE_HEADERS_FOLDER_PATH = $PUBLIC_HEADERS_FOLDER_PATH/private;
				PRODUCT_NAME = CoreAmberKit;
				PUBLIC_HEADERS_FOLDER_PATH = /usr/local/include/$PRODUCT_NAME;
				ZERO_LINK = NO;
			};
			name = Release;
		};
		53EE97490F190073008AD8C0 /* Debug */ = {
			isa = XCBuildConfiguration;
			buildSettings = {
				ALWAYS_SEARCH_USER_PATHS = NO;
				COPY_PHASE_STRIP = NO;
				DYLIB_COMPATIBILITY_VERSION = 1;
				DYLIB_CURRENT_VERSION = 1;
				FRAMEWORK_VERSION = A;
				GCC_DYNAMIC_NO_PIC = NO;
				GCC_ENABLE_FIX_AND_CONTINUE = YES;
				GCC_MODEL_TUNING = G5;
				GCC_OPTIMIZATION_LEVEL = 0;
				GCC_PRECOMPILE_PREFIX_HEADER = YES;
				GCC_PREFIX_HEADER = AmberKit_Prefix.pch;
				INFOPLIST_FILE = "AmberKit-Info.plist";
				INSTALL_PATH = "@rpath";
				LD_RUNPATH_SEARCH_PATHS = "@loader_path/Frameworks";
				OTHER_LDFLAGS = "-ObjC";
				PREBINDING = NO;
				PRODUCT_NAME = AmberKit;
			};
			name = Debug;
		};
		53EE974A0F190073008AD8C0 /* Release */ = {
			isa = XCBuildConfiguration;
			buildSettings = {
				ALWAYS_SEARCH_USER_PATHS = NO;
				COPY_PHASE_STRIP = YES;
				DEBUG_INFORMATION_FORMAT = "dwarf-with-dsym";
				DYLIB_COMPATIBILITY_VERSION = 1;
				DYLIB_CURRENT_VERSION = 1;
				FRAMEWORK_VERSION = A;
				GCC_ENABLE_FIX_AND_CONTINUE = NO;
				GCC_MODEL_TUNING = G5;
				GCC_PRECOMPILE_PREFIX_HEADER = YES;
				GCC_PREFIX_HEADER = AmberKit_Prefix.pch;
				INFOPLIST_FILE = "AmberKit-Info.plist";
				INSTALL_PATH = "@rpath";
				LD_RUNPATH_SEARCH_PATHS = "@loader_path/Frameworks";
				OTHER_LDFLAGS = "-ObjC";
				PREBINDING = NO;
				PRODUCT_NAME = AmberKit;
				ZERO_LINK = NO;
			};
			name = Release;
		};
/* End XCBuildConfiguration section */

/* Begin XCConfigurationList section */
		5343E6FE0C21FB1000B63E6E /* Build configuration list for PBXProject "AmberKit" */ = {
			isa = XCConfigurationList;
			buildConfigurations = (
				5343E6FF0C21FB1000B63E6E /* Debug */,
				5343E7000C21FB1000B63E6E /* Release */,
			);
			defaultConfigurationIsVisible = 0;
			defaultConfigurationName = Debug;
		};
		53599FA910A86DB30064F48C /* Build configuration list for PBXNativeTarget "AmberKit Touch" */ = {
			isa = XCConfigurationList;
			buildConfigurations = (
				53599FA710A86D910064F48C /* Debug */,
				53599FA810A86D910064F48C /* Release */,
			);
			defaultConfigurationIsVisible = 0;
			defaultConfigurationName = Debug;
		};
		537917780F7FC45F0064EB92 /* Build configuration list for PBXNativeTarget "CoreAmberKit" */ = {
			isa = XCConfigurationList;
			buildConfigurations = (
				537917760F7FC43C0064EB92 /* Debug */,
				537917770F7FC43C0064EB92 /* Release */,
			);
			defaultConfigurationIsVisible = 0;
			defaultConfigurationName = Debug;
		};
		53EE974B0F190074008AD8C0 /* Build configuration list for PBXNativeTarget "AmberKit" */ = {
			isa = XCConfigurationList;
			buildConfigurations = (
				53EE97490F190073008AD8C0 /* Debug */,
				53EE974A0F190073008AD8C0 /* Release */,
			);
			defaultConfigurationIsVisible = 0;
			defaultConfigurationName = Debug;
		};
/* End XCConfigurationList section */
	};
	rootObject = 5343E6FD0C21FB1000B63E6E /* Project object */;
}
